<?xml version="1.0" encoding="utf-8"?>
<Project ToolsVersion="4.0" xmlns="http://schemas.microsoft.com/developer/msbuild/2003">
  <ItemGroup>
    <Filter Include="Source Files">
      <UniqueIdentifier>{4FC737F1-C7A5-4376-A066-2A32D752A2FF}</UniqueIdentifier>
      <Extensions>cpp;c;cc;cxx;def;odl;idl;hpj;bat;asm;asmx</Extensions>
    </Filter>
    <Filter Include="Header Files">
      <UniqueIdentifier>{93995380-89BD-4b04-88EB-625FBE52EBFB}</UniqueIdentifier>
      <Extensions>h;hh;hpp;hxx;hm;inl;inc;ipp;xsd</Extensions>
    </Filter>
    <Filter Include="Public Interface">
      <UniqueIdentifier>{2aef3bd6-b47c-4877-b5d9-011e5a1538d2}</UniqueIdentifier>
    </Filter>
    <Filter Include="prometheus-cpp-custom">
      <UniqueIdentifier>{73dcbce3-ba84-4fa1-92cf-fb97e1243ebb}</UniqueIdentifier>
    </Filter>
  </ItemGroup>
  <ItemGroup>
    <ClCompile Include="module.cpp">
      <Filter>Source Files</Filter>
    </ClCompile>
    <ClCompile Include="metric_registry.cpp">
      <Filter>Source Files</Filter>
    </ClCompile>
    <ClCompile Include="counter.cpp">
      <Filter>Source Files</Filter>
    </ClCompile>
    <ClCompile Include="gauge.cpp">
      <Filter>Source Files</Filter>
    </ClCompile>
    <ClCompile Include="summary.cpp">
      <Filter>Source Files</Filter>
    </ClCompile>
    <ClCompile Include="histogram.cpp">
      <Filter>Source Files</Filter>
    </ClCompile>
    <ClCompile Include="exposer.cpp">
      <Filter>prometheus-cpp-custom</Filter>
    </ClCompile>
    <ClCompile Include="handler.cpp">
      <Filter>prometheus-cpp-custom</Filter>
    </ClCompile>
    <ClCompile Include="metric_factory.cpp">
      <Filter>Source Files</Filter>
    </ClCompile>
    <ClCompile Include="utilities.cpp">
      <Filter>Source Files</Filter>
    </ClCompile>
  </ItemGroup>
  <ItemGroup>
    <ClInclude Include="metric_registry.h">
      <Filter>Header Files</Filter>
    </ClInclude>
    <ClInclude Include="counter.h">
      <Filter>Header Files</Filter>
    </ClInclude>
    <ClInclude Include="gauge.h">
      <Filter>Header Files</Filter>
    </ClInclude>
    <ClInclude Include="summary.h">
      <Filter>Header Files</Filter>
    </ClInclude>
    <ClInclude Include="histogram.h">
      <Filter>Header Files</Filter>
    </ClInclude>
    <ClInclude Include="metric_registry_interface.h">
      <Filter>Public Interface</Filter>
    </ClInclude>
    <ClInclude Include="counter_interface.h">
      <Filter>Public Interface</Filter>
    </ClInclude>
    <ClInclude Include="gauge_interface.h">
      <Filter>Public Interface</Filter>
    </ClInclude>
    <ClInclude Include="histogram_interface.h">
      <Filter>Public Interface</Filter>
    </ClInclude>
    <ClInclude Include="summary_interface.h">
      <Filter>Public Interface</Filter>
    </ClInclude>
    <ClInclude Include="exposer.h">
      <Filter>prometheus-cpp-custom</Filter>
    </ClInclude>
    <ClInclude Include="handler.h">
      <Filter>prometheus-cpp-custom</Filter>
    </ClInclude>
    <ClInclude Include="metric_factory.h">
      <Filter>Header Files</Filter>
    </ClInclude>
    <ClInclude Include="utilities.h">
      <Filter>Header Files</Filter>
    </ClInclude>
  </ItemGroup>
</Project>