
Microsoft Visual Studio Solution File, Format Version 12.00
# Visual Studio 15
VisualStudioVersion = 15.0.28307.136
MinimumVisualStudioVersion = 10.0.40219.1
Project("{8BC9CEB8-8B4A-11D0-8D11-00A0C91BC942}") = "prometheus_module", "prometheus_module\prometheus_module.vcxproj", "{BCCD166F-89B4-4A9D-A305-FA1625E1889C}"
EndProject
Project("{888888A0-9F3D-457C-B088-3A5042F75D52}") = "demo", "demo\demo.pyproj", "{7893B05D-9AA5-4C95-989E-A477563C0C7C}"
EndProject
Project("{888888A0-9F3D-457C-B088-3A5042F75D52}") = "test", "test\test.pyproj", "{10503D05-2FD5-4A95-BD2B-C4EE441AD4AC}"
EndProject
Global
	GlobalSection(SolutionConfigurationPlatforms) = preSolution
		Debug|Any CPU = Debug|Any CPU
		Debug|x64 = Debug|x64
		Release|Any CPU = Release|Any CPU
		Release|x64 = Release|x64
	EndGlobalSection
	GlobalSection(ProjectConfigurationPlatforms) = postSolution
		{BCCD166F-89B4-4A9D-A305-FA1625E1889C}.Debug|Any CPU.ActiveCfg = Release|x64
		{BCCD166F-89B4-4A9D-A305-FA1625E1889C}.Debug|Any CPU.Build.0 = Release|x64
		{BCCD166F-89B4-4A9D-A305-FA1625E1889C}.Debug|x64.ActiveCfg = Release|x64
		{BCCD166F-89B4-4A9D-A305-FA1625E1889C}.Debug|x64.Build.0 = Release|x64
		{BCCD166F-89B4-4A9D-A305-FA1625E1889C}.Release|Any CPU.ActiveCfg = Release|x64
		{BCCD166F-89B4-4A9D-A305-FA1625E1889C}.Release|x64.ActiveCfg = Release|x64
		{BCCD166F-89B4-4A9D-A305-FA1625E1889C}.Release|x64.Build.0 = Release|x64
		{7893B05D-9AA5-4C95-989E-A477563C0C7C}.Debug|Any CPU.ActiveCfg = Debug|Any CPU
		{7893B05D-9AA5-4C95-989E-A477563C0C7C}.Debug|x64.ActiveCfg = Debug|Any CPU
		{7893B05D-9AA5-4C95-989E-A477563C0C7C}.Release|Any CPU.ActiveCfg = Release|Any CPU
		{7893B05D-9AA5-4C95-989E-A477563C0C7C}.Release|x64.ActiveCfg = Release|Any CPU
		{10503D05-2FD5-4A95-BD2B-C4EE441AD4AC}.Debug|Any CPU.ActiveCfg = Debug|Any CPU
		{10503D05-2FD5-4A95-BD2B-C4EE441AD4AC}.Debug|x64.ActiveCfg = Debug|Any CPU
		{10503D05-2FD5-4A95-BD2B-C4EE441AD4AC}.Release|Any CPU.ActiveCfg = Release|Any CPU
		{10503D05-2FD5-4A95-BD2B-C4EE441AD4AC}.Release|x64.ActiveCfg = Release|Any CPU
	EndGlobalSection
	GlobalSection(SolutionProperties) = preSolution
		HideSolutionNode = FALSE
	EndGlobalSection
	GlobalSection(ExtensibilityGlobals) = postSolution
		SolutionGuid = {0F56A6EC-3BF5-473A-A79F-3DCC0DFCDF25}
	EndGlobalSection
EndGlobal
